
Microsoft Visual Studio Solution File, Format Version 12.00
# Visual Studio 2012
Project("{FAE04EC0-301F-11D3-BF4B-00C04F79EFBC}") = "MonoDevelop.ResXEditor", "MonoDevelop.ResXEditor\MonoDevelop.ResXEditor.csproj", "{449727DD-DC71-4794-85CA-C9411CD7ADDA}"
EndProject
Project("{FAE04EC0-301F-11D3-BF4B-00C04F79EFBC}") = "MonoDevelop.ResXEditor.Tests", "MonoDevelop.ResXEditor.Tests\MonoDevelop.ResXEditor.Tests.csproj", "{974CF8CC-28DA-4DCA-8C28-4A9CD4564F11}"
EndProject
Global
	GlobalSection(SolutionConfigurationPlatforms) = preSolution
		Debug|Any CPU = Debug|Any CPU
		Release|Any CPU = Release|Any CPU
	EndGlobalSection
	GlobalSection(ProjectConfigurationPlatforms) = postSolution
		{449727DD-DC71-4794-85CA-C9411CD7ADDA}.Debug|Any CPU.ActiveCfg = Debug|Any CPU
		{449727DD-DC71-4794-85CA-C9411CD7ADDA}.Debug|Any CPU.Build.0 = Debug|Any CPU
		{449727DD-DC71-4794-85CA-C9411CD7ADDA}.Release|Any CPU.ActiveCfg = Release|Any CPU
		{449727DD-DC71-4794-85CA-C9411CD7ADDA}.Release|Any CPU.Build.0 = Release|Any CPU
		{974CF8CC-28DA-4DCA-8C28-4A9CD4564F11}.Debug|Any CPU.ActiveCfg = Debug|Any CPU
		{974CF8CC-28DA-4DCA-8C28-4A9CD4564F11}.Debug|Any CPU.Build.0 = Debug|Any CPU
		{974CF8CC-28DA-4DCA-8C28-4A9CD4564F11}.Release|Any CPU.ActiveCfg = Release|Any CPU
		{974CF8CC-28DA-4DCA-8C28-4A9CD4564F11}.Release|Any CPU.Build.0 = Release|Any CPU
	EndGlobalSection
EndGlobal
